
Microsoft Visual Studio Solution File, Format Version 12.00
# Visual Studio 15
Project("{FAE04EC0-301F-11D3-BF4B-00C04F79EFBC}") = "DoozyUI.Runtime", "DoozyUI.Runtime.csproj", "{F38C8738-92F6-D8CA-FD23-6A595983A8A1}"
EndProject
Project("{FAE04EC0-301F-11D3-BF4B-00C04F79EFBC}") = "Assembly-CSharp", "Assembly-CSharp.csproj", "{2BC6B0D2-83C5-18F2-8D6C-E19492DBF6C6}"
EndProject
Project("{FAE04EC0-301F-11D3-BF4B-00C04F79EFBC}") = "DoozyUI.Editor", "DoozyUI.Editor.csproj", "{D56F5BEC-C94E-71A5-9D8F-A864E91F1BC5}"
EndProject
Project("{FAE04EC0-301F-11D3-BF4B-00C04F79EFBC}") = "I2Localization.Editor", "I2Localization.Editor.csproj", "{FD087BDF-E00B-48A2-25D2-45AFB04DBB2A}"
EndProject
Project("{FAE04EC0-301F-11D3-BF4B-00C04F79EFBC}") = "I2Localization", "I2Localization.csproj", "{E622D7EA-5660-E890-3340-8204AA53CA26}"
EndProject
Project("{FAE04EC0-301F-11D3-BF4B-00C04F79EFBC}") = "QuickEngine.Editor", "QuickEngine.Editor.csproj", "{2DC5397B-26EF-F867-416C-78D04AA86B1B}"
EndProject
Project("{FAE04EC0-301F-11D3-BF4B-00C04F79EFBC}") = "QuickEngine.Runtime", "QuickEngine.Runtime.csproj", "{9F589D17-9FE6-4FD6-1F99-116C11857FAF}"
EndProject
Project("{FAE04EC0-301F-11D3-BF4B-00C04F79EFBC}") = "Assembly-CSharp-Editor", "Assembly-CSharp-Editor.csproj", "{4CFA9D65-5CB9-5AA3-AB1C-0930CA0EC476}"
EndProject
Project("{FAE04EC0-301F-11D3-BF4B-00C04F79EFBC}") = "DOTween.Runtime", "DOTween.Runtime.csproj", "{3817468B-E461-87F4-8E1D-1071CC4A6557}"
EndProject
Project("{FAE04EC0-301F-11D3-BF4B-00C04F79EFBC}") = "FlightGame", "FlightGame.csproj", "{E79B54CD-5754-D868-9C30-7F52404CC532}"
EndProject
Global
	GlobalSection(SolutionConfigurationPlatforms) = preSolution
		Debug|Any CPU = Debug|Any CPU
		Release|Any CPU = Release|Any CPU
	EndGlobalSection
	GlobalSection(ProjectConfigurationPlatforms) = postSolution
		{F38C8738-92F6-D8CA-FD23-6A595983A8A1}.Debug|Any CPU.ActiveCfg = Debug|Any CPU
		{F38C8738-92F6-D8CA-FD23-6A595983A8A1}.Debug|Any CPU.Build.0 = Debug|Any CPU
		{F38C8738-92F6-D8CA-FD23-6A595983A8A1}.Release|Any CPU.ActiveCfg = Release|Any CPU
		{F38C8738-92F6-D8CA-FD23-6A595983A8A1}.Release|Any CPU.Build.0 = Release|Any CPU
		{2BC6B0D2-83C5-18F2-8D6C-E19492DBF6C6}.Debug|Any CPU.ActiveCfg = Debug|Any CPU
		{2BC6B0D2-83C5-18F2-8D6C-E19492DBF6C6}.Debug|Any CPU.Build.0 = Debug|Any CPU
		{2BC6B0D2-83C5-18F2-8D6C-E19492DBF6C6}.Release|Any CPU.ActiveCfg = Release|Any CPU
		{2BC6B0D2-83C5-18F2-8D6C-E19492DBF6C6}.Release|Any CPU.Build.0 = Release|Any CPU
		{D56F5BEC-C94E-71A5-9D8F-A864E91F1BC5}.Debug|Any CPU.ActiveCfg = Debug|Any CPU
		{D56F5BEC-C94E-71A5-9D8F-A864E91F1BC5}.Debug|Any CPU.Build.0 = Debug|Any CPU
		{D56F5BEC-C94E-71A5-9D8F-A864E91F1BC5}.Release|Any CPU.ActiveCfg = Release|Any CPU
		{D56F5BEC-C94E-71A5-9D8F-A864E91F1BC5}.Release|Any CPU.Build.0 = Release|Any CPU
		{FD087BDF-E00B-48A2-25D2-45AFB04DBB2A}.Debug|Any CPU.ActiveCfg = Debug|Any CPU
		{FD087BDF-E00B-48A2-25D2-45AFB04DBB2A}.Debug|Any CPU.Build.0 = Debug|Any CPU
		{FD087BDF-E00B-48A2-25D2-45AFB04DBB2A}.Release|Any CPU.ActiveCfg = Release|Any CPU
		{FD087BDF-E00B-48A2-25D2-45AFB04DBB2A}.Release|Any CPU.Build.0 = Release|Any CPU
		{E622D7EA-5660-E890-3340-8204AA53CA26}.Debug|Any CPU.ActiveCfg = Debug|Any CPU
		{E622D7EA-5660-E890-3340-8204AA53CA26}.Debug|Any CPU.Build.0 = Debug|Any CPU
		{E622D7EA-5660-E890-3340-8204AA53CA26}.Release|Any CPU.ActiveCfg = Release|Any CPU
		{E622D7EA-5660-E890-3340-8204AA53CA26}.Release|Any CPU.Build.0 = Release|Any CPU
		{2DC5397B-26EF-F867-416C-78D04AA86B1B}.Debug|Any CPU.ActiveCfg = Debug|Any CPU
		{2DC5397B-26EF-F867-416C-78D04AA86B1B}.Debug|Any CPU.Build.0 = Debug|Any CPU
		{2DC5397B-26EF-F867-416C-78D04AA86B1B}.Release|Any CPU.ActiveCfg = Release|Any CPU
		{2DC5397B-26EF-F867-416C-78D04AA86B1B}.Release|Any CPU.Build.0 = Release|Any CPU
		{9F589D17-9FE6-4FD6-1F99-116C11857FAF}.Debug|Any CPU.ActiveCfg = Debug|Any CPU
		{9F589D17-9FE6-4FD6-1F99-116C11857FAF}.Debug|Any CPU.Build.0 = Debug|Any CPU
		{9F589D17-9FE6-4FD6-1F99-116C11857FAF}.Release|Any CPU.ActiveCfg = Release|Any CPU
		{9F589D17-9FE6-4FD6-1F99-116C11857FAF}.Release|Any CPU.Build.0 = Release|Any CPU
		{4CFA9D65-5CB9-5AA3-AB1C-0930CA0EC476}.Debug|Any CPU.ActiveCfg = Debug|Any CPU
		{4CFA9D65-5CB9-5AA3-AB1C-0930CA0EC476}.Debug|Any CPU.Build.0 = Debug|Any CPU
		{4CFA9D65-5CB9-5AA3-AB1C-0930CA0EC476}.Release|Any CPU.ActiveCfg = Release|Any CPU
		{4CFA9D65-5CB9-5AA3-AB1C-0930CA0EC476}.Release|Any CPU.Build.0 = Release|Any CPU
		{3817468B-E461-87F4-8E1D-1071CC4A6557}.Debug|Any CPU.ActiveCfg = Debug|Any CPU
		{3817468B-E461-87F4-8E1D-1071CC4A6557}.Debug|Any CPU.Build.0 = Debug|Any CPU
		{3817468B-E461-87F4-8E1D-1071CC4A6557}.Release|Any CPU.ActiveCfg = Release|Any CPU
		{3817468B-E461-87F4-8E1D-1071CC4A6557}.Release|Any CPU.Build.0 = Release|Any CPU
		{E79B54CD-5754-D868-9C30-7F52404CC532}.Debug|Any CPU.ActiveCfg = Debug|Any CPU
		{E79B54CD-5754-D868-9C30-7F52404CC532}.Debug|Any CPU.Build.0 = Debug|Any CPU
		{E79B54CD-5754-D868-9C30-7F52404CC532}.Release|Any CPU.ActiveCfg = Release|Any CPU
		{E79B54CD-5754-D868-9C30-7F52404CC532}.Release|Any CPU.Build.0 = Release|Any CPU
	EndGlobalSection
	GlobalSection(SolutionProperties) = preSolution
		HideSolutionNode = FALSE
	EndGlobalSection
EndGlobal
